
Microsoft Visual Studio Solution File, Format Version 12.00
# Visual Studio 15
VisualStudioVersion = 15.0.27703.2035
MinimumVisualStudioVersion = 10.0.40219.1
Project("{9A19103F-16F7-4668-BE54-9A1E7A4F7556}") = "HostBox.Borderline", "Sources\HostBox.Borderline\HostBox.Borderline.csproj", "{D447AEF7-9462-4BC8-BEF4-BE443A39B2CB}"
EndProject
Global
	GlobalSection(SolutionConfigurationPlatforms) = preSolution
		Debug|Any CPU = Debug|Any CPU
		Release|Any CPU = Release|Any CPU
	EndGlobalSection
	GlobalSection(ProjectConfigurationPlatforms) = postSolution
		{D447AEF7-9462-4BC8-BEF4-BE443A39B2CB}.Debug|Any CPU.ActiveCfg = Debug|Any CPU
		{D447AEF7-9462-4BC8-BEF4-BE443A39B2CB}.Debug|Any CPU.Build.0 = Debug|Any CPU
		{D447AEF7-9462-4BC8-BEF4-BE443A39B2CB}.Release|Any CPU.ActiveCfg = Release|Any CPU
		{D447AEF7-9462-4BC8-BEF4-BE443A39B2CB}.Release|Any CPU.Build.0 = Release|Any CPU
	EndGlobalSection
	GlobalSection(SolutionProperties) = preSolution
		HideSolutionNode = FALSE
	EndGlobalSection
	GlobalSection(ExtensibilityGlobals) = postSolution
		SolutionGuid = {A3DCC204-E535-47B0-BA69-945539B6D6A1}
	EndGlobalSection
EndGlobal
